
Microsoft Visual Studio Solution File, Format Version 12.00
Project("{FAE04EC0-301F-11D3-BF4B-00C04F79EFBC}") = "Utility", "Utility\Utility.csproj", "{3F3928D0-61B2-46F4-91C7-66F56AB5AB6C}"
EndProject
Global
	GlobalSection(SolutionConfigurationPlatforms) = preSolution
		Debug|Any CPU = Debug|Any CPU
		Release|Any CPU = Release|Any CPU
	EndGlobalSection
	GlobalSection(ProjectConfigurationPlatforms) = postSolution
		{3F3928D0-61B2-46F4-91C7-66F56AB5AB6C}.Debug|Any CPU.ActiveCfg = Debug|Any CPU
		{3F3928D0-61B2-46F4-91C7-66F56AB5AB6C}.Debug|Any CPU.Build.0 = Debug|Any CPU
		{3F3928D0-61B2-46F4-91C7-66F56AB5AB6C}.Release|Any CPU.ActiveCfg = Release|Any CPU
		{3F3928D0-61B2-46F4-91C7-66F56AB5AB6C}.Release|Any CPU.Build.0 = Release|Any CPU
	EndGlobalSection
EndGlobal
